# This file is automatically @generated by Cargo.
# It is not intended for manual editing.
version = 3

[[package]]
name = "east-build"
version = "0.0.1"

[[package]]
name = "east-cli"
version = "0.0.1"

[[package]]
name = "east-command"
version = "0.0.1"

[[package]]
name = "east-config"
version = "0.0.1"

[[package]]
name = "east-manifest"
version = "0.0.1"

[[package]]
name = "east-runner"
version = "0.0.1"

[[package]]
name = "east-vcs"
version = "0.0.1"

[[package]]
name = "east-workspace"
version = "0.0.1"
